
Microsoft Visual Studio Solution File, Format Version 12.00
# Visual Studio Version 17
VisualStudioVersion = 17.10.35004.147
MinimumVisualStudioVersion = 10.0.40219.1
Project("{9A19103F-16F7-4668-BE54-9A1E7A4F7556}") = "TaskManager", "TaskManager\TaskManager.csproj", "{435BA0F0-4B42-488C-B7B6-E11983A56BDF}"
EndProject
Global
	GlobalSection(SolutionConfigurationPlatforms) = preSolution
		Debug|Any CPU = Debug|Any CPU
		Release|Any CPU = Release|Any CPU
	EndGlobalSection
	GlobalSection(ProjectConfigurationPlatforms) = postSolution
		{435BA0F0-4B42-488C-B7B6-E11983A56BDF}.Debug|Any CPU.ActiveCfg = Debug|Any CPU
		{435BA0F0-4B42-488C-B7B6-E11983A56BDF}.Debug|Any CPU.Build.0 = Debug|Any CPU
		{435BA0F0-4B42-488C-B7B6-E11983A56BDF}.Release|Any CPU.ActiveCfg = Release|Any CPU
		{435BA0F0-4B42-488C-B7B6-E11983A56BDF}.Release|Any CPU.Build.0 = Release|Any CPU
	EndGlobalSection
	GlobalSection(SolutionProperties) = preSolution
		HideSolutionNode = FALSE
	EndGlobalSection
	GlobalSection(ExtensibilityGlobals) = postSolution
		SolutionGuid = {EAAEEB32-B34D-4DC9-966E-A0416ADA0CF5}
	EndGlobalSection
EndGlobal
